<?xml version="1.0" encoding="utf-8"?>
<Project ToolsVersion="4.0" xmlns="http://schemas.microsoft.com/developer/msbuild/2003">
  <ItemGroup>
    <Filter Include="App">
      <UniqueIdentifier>{46D6870B-B2DF-877C-3B5B-9E7CA763937C}</UniqueIdentifier>
    </Filter>
    <Filter Include="App\GameData">
      <UniqueIdentifier>{E90015FD-D563-A4A1-7EE9-DC576A2B7024}</UniqueIdentifier>
    </Filter>
    <Filter Include="App\GameData\Score">
      <UniqueIdentifier>{D4E34E3C-C0C7-0F92-2928-0AE5152BFA13}</UniqueIdentifier>
    </Filter>
    <Filter Include="App\GameObject">
      <UniqueIdentifier>{06590EB0-F226-02B6-DBBA-72DCC727DE1A}</UniqueIdentifier>
    </Filter>
    <Filter Include="App\GameObject\Camera">
      <UniqueIdentifier>{BECA2E86-2A37-EA80-F32A-82DE5F560CE9}</UniqueIdentifier>
    </Filter>
    <Filter Include="App\GameObject\Character">
      <UniqueIdentifier>{6236CF65-4E5B-1EE6-77A6-0376632A1D04}</UniqueIdentifier>
    </Filter>
    <Filter Include="App\GameObject\Character\Enemy">
      <UniqueIdentifier>{0F166CF8-FB3B-365F-E481-BB2AD0465B2B}</UniqueIdentifier>
    </Filter>
    <Filter Include="App\GameObject\Character\Enemy\BaseState">
      <UniqueIdentifier>{5A318708-46AE-7A4B-6F2B-7B5F5B0717DF}</UniqueIdentifier>
    </Filter>
    <Filter Include="App\GameObject\Character\Enemy\BossKnight">
      <UniqueIdentifier>{BA31D99A-264C-3C3C-6F6E-4CD0DBC76343}</UniqueIdentifier>
    </Filter>
    <Filter Include="App\GameObject\Character\Enemy\BossKnight\State">
      <UniqueIdentifier>{8AC4CBE0-F6FF-2BA4-FFF4-A8336BAFB0D4}</UniqueIdentifier>
    </Filter>
    <Filter Include="App\GameObject\Character\Enemy\Component">
      <UniqueIdentifier>{310D60B6-1D8A-53F9-4607-540D32E3EF8C}</UniqueIdentifier>
    </Filter>
    <Filter Include="App\GameObject\Character\Enemy\GruntMelee">
      <UniqueIdentifier>{D61070C1-422B-D362-8B4D-E3F6F7A6FA69}</UniqueIdentifier>
    </Filter>
    <Filter Include="App\GameObject\Character\Enemy\GruntMelee\State">
      <UniqueIdentifier>{A6882C86-12C4-8C49-1BB9-09D98773117A}</UniqueIdentifier>
    </Filter>
    <Filter Include="App\GameObject\Character\Enemy\Hellkaina">
      <UniqueIdentifier>{27A09D6B-131D-91AE-3C9A-91C228762D42}</UniqueIdentifier>
    </Filter>
    <Filter Include="App\GameObject\Character\Enemy\State">
      <UniqueIdentifier>{9FD40F11-8BBB-D108-340C-382620D24A6F}</UniqueIdentifier>
    </Filter>
    <Filter Include="App\GameObject\Character\Player">
      <UniqueIdentifier>{3E65711F-AA48-805F-B34B-AE9B1FAE46B0}</UniqueIdentifier>
    </Filter>
    <Filter Include="App\GameObject\Character\Player\Combat">
      <UniqueIdentifier>{2330902D-0F82-671D-F8A0-A42DE4918006}</UniqueIdentifier>
    </Filter>
    <Filter Include="App\GameObject\Character\Player\Controller">
      <UniqueIdentifier>{11EE055A-FD55-CC27-66C1-E03D5248E313}</UniqueIdentifier>
    </Filter>
    <Filter Include="App\GameObject\Character\Player\State">
      <UniqueIdentifier>{0E8B8502-7A4F-84F2-43B5-B4BCAF382028}</UniqueIdentifier>
    </Filter>
    <Filter Include="App\GameObject\Character\Player\State\Attack">
      <UniqueIdentifier>{D5A719C7-C1BA-1920-6AA4-F60C5696B66D}</UniqueIdentifier>
    </Filter>
    <Filter Include="App\GameObject\Character\Player\StateMachine">
      <UniqueIdentifier>{E3C8D715-CFDB-D76E-78C5-B45B64B774BC}</UniqueIdentifier>
    </Filter>
    <Filter Include="App\GameObject\Effect">
      <UniqueIdentifier>{02BE2F8B-6E2A-EB85-371E-83E3A3490DEE}</UniqueIdentifier>
    </Filter>
    <Filter Include="App\GameObject\Event">
      <UniqueIdentifier>{D7065042-C395-D90B-6CB4-ED065822EAB1}</UniqueIdentifier>
    </Filter>
    <Filter Include="App\GameObject\Ground">
      <UniqueIdentifier>{246AB890-90D6-738B-59CA-0BE9C5F595F3}</UniqueIdentifier>
    </Filter>
    <Filter Include="App\GameObject\LockOn">
      <UniqueIdentifier>{BB28259C-2795-E096-F088-78F45CB402FF}</UniqueIdentifier>
    </Filter>
    <Filter Include="App\GameObject\UI">
      <UniqueIdentifier>{73D61F8E-DFEC-1D24-2864-A94594B9EEAB}</UniqueIdentifier>
    </Filter>
    <Filter Include="App\GameObject\UI\ClearUI">
      <UniqueIdentifier>{07855820-7347-8CAA-BCF7-1A3728F96488}</UniqueIdentifier>
    </Filter>
    <Filter Include="App\GameObject\UI\GameUI">
      <UniqueIdentifier>{3AEA6D8D-260F-BD0D-4F5A-A29D3BDEBB2B}</UniqueIdentifier>
    </Filter>
    <Filter Include="App\GameObject\UI\Menu">
      <UniqueIdentifier>{774B3579-6345-5ECB-4CB2-F4DB384BC437}</UniqueIdentifier>
    </Filter>
    <Filter Include="App\GameObject\UI\StageStart">
      <UniqueIdentifier>{A4ED4E8D-90A8-3E39-3960-B78325FA88C9}</UniqueIdentifier>
    </Filter>
    <Filter Include="App\GameObject\UI\TitleUI">
      <UniqueIdentifier>{62540C37-CE16-40C1-17C7-CE4D83C8189F}</UniqueIdentifier>
    </Filter>
    <Filter Include="App\Input">
      <UniqueIdentifier>{C5A20603-310D-BB79-7A4B-6C1FE6F498CE}</UniqueIdentifier>
    </Filter>
    <Filter Include="App\Scene">
      <UniqueIdentifier>{E35FB503-4FCA-697A-9808-1B2004B247CF}</UniqueIdentifier>
    </Filter>
    <Filter Include="App\Scene\GameScene">
      <UniqueIdentifier>{7A5A0DDC-E6BB-EAE9-6F29-319CDB8921A9}</UniqueIdentifier>
    </Filter>
    <Filter Include="App\Scene\GameScene\State">
      <UniqueIdentifier>{4A7D2B0E-B63F-5F98-FFEF-ED246BF13776}</UniqueIdentifier>
    </Filter>
    <Filter Include="App\Scene\Transition">
      <UniqueIdentifier>{FD7E553B-E90D-DF04-922C-F3FF7E9AEFAA}</UniqueIdentifier>
    </Filter>
    <Filter Include="App\Stage">
      <UniqueIdentifier>{69A0BE03-D50A-737A-1E49-24208AF250CF}</UniqueIdentifier>
    </Filter>
    <Filter Include="App\Tutorial">
      <UniqueIdentifier>{E9F91B11-D55C-ABB5-7EE2-E36B6A247738}</UniqueIdentifier>
    </Filter>
    <Filter Include="App\Tutorial\Decoration">
      <UniqueIdentifier>{003479E0-6C6B-C177-7575-259BE12BE870}</UniqueIdentifier>
    </Filter>
    <Filter Include="App\Tutorial\Service">
      <UniqueIdentifier>{490C6A54-359B-F31D-DEB9-0719CA2704C4}</UniqueIdentifier>
    </Filter>
    <Filter Include="App\Tutorial\System">
      <UniqueIdentifier>{DD8C1061-49EE-ED6E-D25B-34213EBC242E}</UniqueIdentifier>
    </Filter>
    <Filter Include="Engine">
      <UniqueIdentifier>{DBC7D3B0-C769-FE86-B024-12DB9C6585D7}</UniqueIdentifier>
    </Filter>
    <Filter Include="Engine\Application">
      <UniqueIdentifier>{1EA4C00C-0A88-8162-73E8-7BB55FEB6BE4}</UniqueIdentifier>
    </Filter>
    <Filter Include="Engine\Audio">
      <UniqueIdentifier>{1C8EDB94-08F1-6A39-B176-A3EF9DB836BC}</UniqueIdentifier>
    </Filter>
    <Filter Include="Engine\Core">
      <UniqueIdentifier>{130D9B61-7FC2-1357-08B7-0D2E746B0A5B}</UniqueIdentifier>
    </Filter>
    <Filter Include="Engine\Debugger">
      <UniqueIdentifier>{8F10366A-FB9B-A32E-04AD-262370B7FF2E}</UniqueIdentifier>
    </Filter>
    <Filter Include="Engine\Graphics">
      <UniqueIdentifier>{7B960115-E721-6FD9-F032-F2CD5C3DCBD9}</UniqueIdentifier>
    </Filter>
    <Filter Include="Engine\Graphics\Device">
      <UniqueIdentifier>{BA3B3428-A635-5D7A-8FA2-F38A7B3BC3E6}</UniqueIdentifier>
    </Filter>
    <Filter Include="Engine\Graphics\Rendering">
      <UniqueIdentifier>{88F5F3B7-F4B7-2742-3D68-B6CEA9690020}</UniqueIdentifier>
    </Filter>
    <Filter Include="Engine\Graphics\Rendering\Effect">
      <UniqueIdentifier>{44F49B36-3045-8778-59A9-753A45591AE2}</UniqueIdentifier>
    </Filter>
    <Filter Include="Engine\Graphics\Rendering\PSO">
      <UniqueIdentifier>{A99E9ED4-15B7-85FE-DE63-15984A3B1A98}</UniqueIdentifier>
    </Filter>
    <Filter Include="Engine\Graphics\Rendering\PSO\PSOBuilder">
      <UniqueIdentifier>{11B13CD7-FD2D-301A-26AB-302E1287CCAD}</UniqueIdentifier>
    </Filter>
    <Filter Include="Engine\Graphics\Rendering\Particle">
      <UniqueIdentifier>{8B726B10-77AE-6E7A-E0C0-8671CC1B1795}</UniqueIdentifier>
    </Filter>
    <Filter Include="Engine\Graphics\Rendering\PostEffect">
      <UniqueIdentifier>{0A9A5BD0-F680-1DC8-9FD1-83E58B97962E}</UniqueIdentifier>
    </Filter>
    <Filter Include="Engine\Graphics\Rendering\RenderPath">
      <UniqueIdentifier>{C478192A-B05F-DB21-59B0-413F45765488}</UniqueIdentifier>
    </Filter>
    <Filter Include="Engine\Graphics\Rendering\RenderPath\Impl">
      <UniqueIdentifier>{25F97319-9113-D7BA-DA35-E74E468FFEC1}</UniqueIdentifier>
    </Filter>
    <Filter Include="Engine\Graphics\Rendering\RenderPath\Pass">
      <UniqueIdentifier>{2A9D7719-96B7-DABA-DFD9-EA4E4B3302C2}</UniqueIdentifier>
    </Filter>
    <Filter Include="Engine\Graphics\Rendering\Shadow">
      <UniqueIdentifier>{7D9D6557-69EE-5099-9252-3F5B7E02E402}</UniqueIdentifier>
    </Filter>
    <Filter Include="Engine\Graphics\Rendering\Sky">
      <UniqueIdentifier>{AEAE9ED4-1AC7-85FE-E373-15984F4B1A98}</UniqueIdentifier>
    </Filter>
    <Filter Include="Engine\Graphics\Rendering\Sprite">
      <UniqueIdentifier>{CEC9FF57-BA1A-EB99-E37E-D95BCF2E7E03}</UniqueIdentifier>
    </Filter>
    <Filter Include="Engine\Graphics\Resource">
      <UniqueIdentifier>{F2F242EB-DE17-926B-0763-77FBF3E69089}</UniqueIdentifier>
    </Filter>
    <Filter Include="Engine\Input">
      <UniqueIdentifier>{1AB06895-0613-F839-AF98-30F09BDAC3BC}</UniqueIdentifier>
    </Filter>
    <Filter Include="Engine\Math">
      <UniqueIdentifier>{944DA061-0003-1957-89F7-122EF5AB0F5B}</UniqueIdentifier>
    </Filter>
    <Filter Include="Engine\Platform">
      <UniqueIdentifier>{8F0ABC95-FB95-295A-04A7-AC4E70B1855A}</UniqueIdentifier>
    </Filter>
    <Filter Include="Engine\Scene">
      <UniqueIdentifier>{386D1796-24D0-A63A-CD55-DFF0B99772BD}</UniqueIdentifier>
    </Filter>
    <Filter Include="Engine\Scene\Transition">
      <UniqueIdentifier>{326D03E9-9EA4-4B80-A7AE-AFA313657279}</UniqueIdentifier>
    </Filter>
    <Filter Include="Engine\Utility">
      <UniqueIdentifier>{1E318B3B-0AFF-7E41-F392-EF67DFFF5AA6}</UniqueIdentifier>
    </Filter>
    <Filter Include="Engine\World3D">
      <UniqueIdentifier>{299E78CA-156C-6CD0-FEFF-DCF6EA6C4835}</UniqueIdentifier>
    </Filter>
    <Filter Include="Engine\World3D\Camera">
      <UniqueIdentifier>{818AB990-EDF6-748B-B6EA-0CE9221697F3}</UniqueIdentifier>
    </Filter>
    <Filter Include="Engine\World3D\Collider">
      <UniqueIdentifier>{062F1AD9-7266-6270-7B70-C693E7268969}</UniqueIdentifier>
    </Filter>
    <Filter Include="Engine\World3D\Light">
      <UniqueIdentifier>{90EC47FD-7C7B-D1C6-259A-E5C11108E26C}</UniqueIdentifier>
    </Filter>
    <Filter Include="Engine\World3D\Object">
      <UniqueIdentifier>{8FE3C7AC-FB4F-83A7-C443-1B05306FA50F}</UniqueIdentifier>
    </Filter>
    <Filter Include="Engine\World3D\Object\Model">
      <UniqueIdentifier>{0F7C003D-7B89-2E23-0470-2A0E707CFAD9}</UniqueIdentifier>
    </Filter>
    <Filter Include="Engine\World3D\Object\Model\Animation">
      <UniqueIdentifier>{BED30EA3-2A98-0D93-F3FD-3D5D5F81A9C8}</UniqueIdentifier>
    </Filter>
    <Filter Include="Engine\World3D\Object\Model\Material">
      <UniqueIdentifier>{8DAB5BEB-7992-1DE3-22E3-83000EA99649}</UniqueIdentifier>
    </Filter>
    <Filter Include="Engine\World3D\Object\Model\Mesh">
      <UniqueIdentifier>{2BD329C3-1724-1505-4088-03C72C38A86E}</UniqueIdentifier>
    </Filter>
    <Filter Include="Engine\World3D\Object\Renderer">
      <UniqueIdentifier>{1598C913-01BE-937A-EA03-1946D6C8B846}</UniqueIdentifier>
    </Filter>
    <Filter Include="Engine\World3D\Primitive">
      <UniqueIdentifier>{D195E6C6-BDBA-3547-E605-1BD7D2893465}</UniqueIdentifier>
    </Filter>
    <Filter Include="Externals">
      <UniqueIdentifier>{7B3ECCEB-E7A8-8062-30E7-31089C905EB7}</UniqueIdentifier>
    </Filter>
    <Filter Include="Externals\imgui">
      <UniqueIdentifier>{25FC09A1-9187-7765-9A98-FA5906A3D365}</UniqueIdentifier>
    </Filter>
    <Filter Include="Externals\imgui-node-editor">
      <UniqueIdentifier>{EC8D4A57-589B-783D-E181-74284D8E44F4}</UniqueIdentifier>
    </Filter>
  </ItemGroup>
  <ItemGroup>
    <ClInclude Include="App\GameData\CollisionCategory.h">
      <Filter>App\GameData</Filter>
    </ClInclude>
    <ClInclude Include="App\GameData\GameData.h">
      <Filter>App\GameData</Filter>
    </ClInclude>
    <ClInclude Include="App\GameData\Score\StylishScoreManager.h">
      <Filter>App\GameData\Score</Filter>
    </ClInclude>
    <ClInclude Include="App\GameObject\Camera\ClearCamera.h">
      <Filter>App\GameObject\Camera</Filter>
    </ClInclude>
    <ClInclude Include="App\GameObject\Camera\DeathCamera.h">
      <Filter>App\GameObject\Camera</Filter>
    </ClInclude>
    <ClInclude Include="App\GameObject\Camera\GameCamera.h">
      <Filter>App\GameObject\Camera</Filter>
    </ClInclude>
    <ClInclude Include="App\GameObject\Camera\LockOnCamera.h">
      <Filter>App\GameObject\Camera</Filter>
    </ClInclude>
    <ClInclude Include="App\GameObject\Camera\TitleCamera.h">
      <Filter>App\GameObject\Camera</Filter>
    </ClInclude>
    <ClInclude Include="App\GameObject\Character\CharacterStructs.h">
      <Filter>App\GameObject\Character</Filter>
    </ClInclude>
    <ClInclude Include="App\GameObject\Character\Enemy\BaseState\EnemyStateBase.h">
      <Filter>App\GameObject\Character\Enemy\BaseState</Filter>
    </ClInclude>
    <ClInclude Include="App\GameObject\Character\Enemy\BossKnight\BossKnight.h">
      <Filter>App\GameObject\Character\Enemy\BossKnight</Filter>
    </ClInclude>
    <ClInclude Include="App\GameObject\Character\Enemy\BossKnight\BossWeapon.h">
      <Filter>App\GameObject\Character\Enemy\BossKnight</Filter>
    </ClInclude>
    <ClInclude Include="App\GameObject\Character\Enemy\BossKnight\State\BossStateApproach.h">
      <Filter>App\GameObject\Character\Enemy\BossKnight\State</Filter>
    </ClInclude>
    <ClInclude Include="App\GameObject\Character\Enemy\BossKnight\State\BossStateCombatIdle.h">
      <Filter>App\GameObject\Character\Enemy\BossKnight\State</Filter>
    </ClInclude>
    <ClInclude Include="App\GameObject\Character\Enemy\BossKnight\State\BossStateHeavySword.h">
      <Filter>App\GameObject\Character\Enemy\BossKnight\State</Filter>
    </ClInclude>
    <ClInclude Include="App\GameObject\Character\Enemy\BossKnight\State\BossStateRush.h">
      <Filter>App\GameObject\Character\Enemy\BossKnight\State</Filter>
    </ClInclude>
    <ClInclude Include="App\GameObject\Character\Enemy\BossKnight\State\BossStateSlash.h">
      <Filter>App\GameObject\Character\Enemy\BossKnight\State</Filter>
    </ClInclude>
    <ClInclude Include="App\GameObject\Character\Enemy\Component\EnemyMeleeAttackComponent.h">
      <Filter>App\GameObject\Character\Enemy\Component</Filter>
    </ClInclude>
    <ClInclude Include="App\GameObject\Character\Enemy\Component\EnemyMovementComponent.h">
      <Filter>App\GameObject\Character\Enemy\Component</Filter>
    </ClInclude>
    <ClInclude Include="App\GameObject\Character\Enemy\Component\EnemySensorComponent.h">
      <Filter>App\GameObject\Character\Enemy\Component</Filter>
    </ClInclude>
    <ClInclude Include="App\GameObject\Character\Enemy\Enemy.h">
      <Filter>App\GameObject\Character\Enemy</Filter>
    </ClInclude>
    <ClInclude Include="App\GameObject\Character\Enemy\EnemyStateNames.h">
      <Filter>App\GameObject\Character\Enemy</Filter>
    </ClInclude>
    <ClInclude Include="App\GameObject\Character\Enemy\GruntMelee\GruntMelee.h">
      <Filter>App\GameObject\Character\Enemy\GruntMelee</Filter>
    </ClInclude>
    <ClInclude Include="App\GameObject\Character\Enemy\GruntMelee\GruntMeleeWeapon.h">
      <Filter>App\GameObject\Character\Enemy\GruntMelee</Filter>
    </ClInclude>
    <ClInclude Include="App\GameObject\Character\Enemy\GruntMelee\State\GruntStateApproach.h">
      <Filter>App\GameObject\Character\Enemy\GruntMelee\State</Filter>
    </ClInclude>
    <ClInclude Include="App\GameObject\Character\Enemy\GruntMelee\State\GruntStateAttackNormal.h">
      <Filter>App\GameObject\Character\Enemy\GruntMelee\State</Filter>
    </ClInclude>
    <ClInclude Include="App\GameObject\Character\Enemy\GruntMelee\State\GruntStateCombatIdle.h">
      <Filter>App\GameObject\Character\Enemy\GruntMelee\State</Filter>
    </ClInclude>
    <ClInclude Include="App\GameObject\Character\Enemy\GruntMelee\State\GruntStatePatrol.h">
      <Filter>App\GameObject\Character\Enemy\GruntMelee\State</Filter>
    </ClInclude>
    <ClInclude Include="App\GameObject\Character\Enemy\GruntMelee\State\GruntStateRetreat.h">
      <Filter>App\GameObject\Character\Enemy\GruntMelee\State</Filter>
    </ClInclude>
    <ClInclude Include="App\GameObject\Character\Enemy\GruntMelee\State\GruntStateRushAttack.h">
      <Filter>App\GameObject\Character\Enemy\GruntMelee\State</Filter>
    </ClInclude>
    <ClInclude Include="App\GameObject\Character\Enemy\GruntMelee\State\GruntStateSideMove.h">
      <Filter>App\GameObject\Character\Enemy\GruntMelee\State</Filter>
    </ClInclude>
    <ClInclude Include="App\GameObject\Character\Enemy\Hellkaina\Hellkaina.h">
      <Filter>App\GameObject\Character\Enemy\Hellkaina</Filter>
    </ClInclude>
    <ClInclude Include="App\GameObject\Character\Enemy\Hellkaina\HellkainaWeapon.h">
      <Filter>App\GameObject\Character\Enemy\Hellkaina</Filter>
    </ClInclude>
    <ClInclude Include="App\GameObject\Character\Enemy\State\EnemyStateAir.h">
      <Filter>App\GameObject\Character\Enemy\State</Filter>
    </ClInclude>
    <ClInclude Include="App\GameObject\Character\Enemy\State\EnemyStateIdle.h">
      <Filter>App\GameObject\Character\Enemy\State</Filter>
    </ClInclude>
    <ClInclude Include="App\GameObject\Character\Enemy\State\EnemyStateKnockBack.h">
      <Filter>App\GameObject\Character\Enemy\State</Filter>
    </ClInclude>
    <ClInclude Include="App\GameObject\Character\Enemy\State\EnemyStateMove.h">
      <Filter>App\GameObject\Character\Enemy\State</Filter>
    </ClInclude>
    <ClInclude Include="App\GameObject\Character\Enemy\State\EnemyStateSideMove.h">
      <Filter>App\GameObject\Character\Enemy\State</Filter>
    </ClInclude>
    <ClInclude Include="App\GameObject\Character\Enemy\State\HellkainaStateAttackA.h">
      <Filter>App\GameObject\Character\Enemy\State</Filter>
    </ClInclude>
    <ClInclude Include="App\GameObject\Character\Enemy\State\HellkainaStateAttackB.h">
      <Filter>App\GameObject\Character\Enemy\State</Filter>
    </ClInclude>
    <ClInclude Include="App\GameObject\Character\Player\Combat\AttackPlayer.h">
      <Filter>App\GameObject\Character\Player\Combat</Filter>
    </ClInclude>
    <ClInclude Include="App\GameObject\Character\Player\Combat\PlayerCombat.h">
      <Filter>App\GameObject\Character\Player\Combat</Filter>
    </ClInclude>
    <ClInclude Include="App\GameObject\Character\Player\Controller\PlayerInput.h">
      <Filter>App\GameObject\Character\Player\Controller</Filter>
    </ClInclude>
    <ClInclude Include="App\GameObject\Character\Player\Player.h">
      <Filter>App\GameObject\Character\Player</Filter>
    </ClInclude>
    <ClInclude Include="App\GameObject\Character\Player\PlayerWeapon.h">
      <Filter>App\GameObject\Character\Player</Filter>
    </ClInclude>
    <ClInclude Include="App\GameObject\Character\Player\State\Attack\AttackStructs.h">
      <Filter>App\GameObject\Character\Player\State\Attack</Filter>
    </ClInclude>
    <ClInclude Include="App\GameObject\Character\Player\State\Attack\PlayerStateAttack.h">
      <Filter>App\GameObject\Character\Player\State\Attack</Filter>
    </ClInclude>
    <ClInclude Include="App\GameObject\Character\Player\State\PlayerStateAir.h">
      <Filter>App\GameObject\Character\Player\State</Filter>
    </ClInclude>
    <ClInclude Include="App\GameObject\Character\Player\State\PlayerStateBase.h">
      <Filter>App\GameObject\Character\Player\State</Filter>
    </ClInclude>
    <ClInclude Include="App\GameObject\Character\Player\State\PlayerStateClear.h">
      <Filter>App\GameObject\Character\Player\State</Filter>
    </ClInclude>
    <ClInclude Include="App\GameObject\Character\Player\State\PlayerStateDeath.h">
      <Filter>App\GameObject\Character\Player\State</Filter>
    </ClInclude>
    <ClInclude Include="App\GameObject\Character\Player\State\PlayerStateIdle.h">
      <Filter>App\GameObject\Character\Player\State</Filter>
    </ClInclude>
    <ClInclude Include="App\GameObject\Character\Player\State\PlayerStateJump.h">
      <Filter>App\GameObject\Character\Player\State</Filter>
    </ClInclude>
    <ClInclude Include="App\GameObject\Character\Player\State\PlayerStateKnockBack.h">
      <Filter>App\GameObject\Character\Player\State</Filter>
    </ClInclude>
    <ClInclude Include="App\GameObject\Character\Player\State\PlayerStateMove.h">
      <Filter>App\GameObject\Character\Player\State</Filter>
    </ClInclude>
    <ClInclude Include="App\GameObject\Character\Player\StateMachine\PlayerStateMachine.h">
      <Filter>App\GameObject\Character\Player\StateMachine</Filter>
    </ClInclude>
    <ClInclude Include="App\GameObject\Effect\HitStop.h">
      <Filter>App\GameObject\Effect</Filter>
    </ClInclude>
    <ClInclude Include="App\GameObject\Effect\HitVignetteEffect.h">
      <Filter>App\GameObject\Effect</Filter>
    </ClInclude>
    <ClInclude Include="App\GameObject\Event\BaseEvent.h">
      <Filter>App\GameObject\Event</Filter>
    </ClInclude>
    <ClInclude Include="App\GameObject\Event\ClearEvent.h">
      <Filter>App\GameObject\Event</Filter>
    </ClInclude>
    <ClInclude Include="App\GameObject\Event\EnemySpawnEvent.h">
      <Filter>App\GameObject\Event</Filter>
    </ClInclude>
    <ClInclude Include="App\GameObject\Event\EventFactory.h">
      <Filter>App\GameObject\Event</Filter>
    </ClInclude>
    <ClInclude Include="App\GameObject\Event\EventManager.h">
      <Filter>App\GameObject\Event</Filter>
    </ClInclude>
    <ClInclude Include="App\GameObject\Ground\Ground.h">
      <Filter>App\GameObject\Ground</Filter>
    </ClInclude>
    <ClInclude Include="App\GameObject\LockOn\LockOnSystem.h">
      <Filter>App\GameObject\LockOn</Filter>
    </ClInclude>
    <ClInclude Include="App\GameObject\LockOn\LockOnTarget.h">
      <Filter>App\GameObject\LockOn</Filter>
    </ClInclude>
    <ClInclude Include="App\GameObject\UI\ClearUI\ClearUI.h">
      <Filter>App\GameObject\UI\ClearUI</Filter>
    </ClInclude>
    <ClInclude Include="App\GameObject\UI\ClearUI\RankUI.h">
      <Filter>App\GameObject\UI\ClearUI</Filter>
    </ClInclude>
    <ClInclude Include="App\GameObject\UI\ClearUI\ScoreUI.h">
      <Filter>App\GameObject\UI\ClearUI</Filter>
    </ClInclude>
    <ClInclude Include="App\GameObject\UI\GameUI\GameUI.h">
      <Filter>App\GameObject\UI\GameUI</Filter>
    </ClInclude>
    <ClInclude Include="App\GameObject\UI\Menu\MenuChoices.h">
      <Filter>App\GameObject\UI\Menu</Filter>
    </ClInclude>
    <ClInclude Include="App\GameObject\UI\Menu\MenuController.h">
      <Filter>App\GameObject\UI\Menu</Filter>
    </ClInclude>
    <ClInclude Include="App\GameObject\UI\Menu\MenuDivider.h">
      <Filter>App\GameObject\UI\Menu</Filter>
    </ClInclude>
    <ClInclude Include="App\GameObject\UI\Menu\MenuUI.h">
      <Filter>App\GameObject\UI\Menu</Filter>
    </ClInclude>
    <ClInclude Include="App\GameObject\UI\StageStart\StageStart.h">
      <Filter>App\GameObject\UI\StageStart</Filter>
    </ClInclude>
    <ClInclude Include="App\GameObject\UI\TitleUI\TitleUI.h">
      <Filter>App\GameObject\UI\TitleUI</Filter>
    </ClInclude>
    <ClInclude Include="App\GameObjectRegister.h">
      <Filter>App</Filter>
    </ClInclude>
    <ClInclude Include="App\Input\CameraInput.h">
      <Filter>App\Input</Filter>
    </ClInclude>
    <ClInclude Include="App\Input\InputContext.h">
      <Filter>App\Input</Filter>
    </ClInclude>
    <ClInclude Include="App\Input\LockOnInput.h">
      <Filter>App\Input</Filter>
    </ClInclude>
    <ClInclude Include="App\Scene\ClearScene.h">
      <Filter>App\Scene</Filter>
    </ClInclude>
    <ClInclude Include="App\Scene\EditScene.h">
      <Filter>App\Scene</Filter>
    </ClInclude>
    <ClInclude Include="App\Scene\GameScene\GameScene.h">
      <Filter>App\Scene\GameScene</Filter>
    </ClInclude>
    <ClInclude Include="App\Scene\GameScene\State\GameSceneStateBase.h">
      <Filter>App\Scene\GameScene\State</Filter>
    </ClInclude>
    <ClInclude Include="App\Scene\GameScene\State\GameSceneStateClear.h">
      <Filter>App\Scene\GameScene\State</Filter>
    </ClInclude>
    <ClInclude Include="App\Scene\GameScene\State\GameSceneStateMenu.h">
      <Filter>App\Scene\GameScene\State</Filter>
    </ClInclude>
    <ClInclude Include="App\Scene\GameScene\State\GameSceneStatePlay.h">
      <Filter>App\Scene\GameScene\State</Filter>
    </ClInclude>
    <ClInclude Include="App\Scene\GameScene\State\GameSceneStateStart.h">
      <Filter>App\Scene\GameScene\State</Filter>
    </ClInclude>
    <ClInclude Include="App\Scene\Object3dFactory.h">
      <Filter>App\Scene</Filter>
    </ClInclude>
    <ClInclude Include="App\Scene\SceneFactory.h">
      <Filter>App\Scene</Filter>
    </ClInclude>
    <ClInclude Include="App\Scene\TitleScene.h">
      <Filter>App\Scene</Filter>
    </ClInclude>
    <ClInclude Include="App\Scene\Transition\VignetteExpandTransition.h">
      <Filter>App\Scene\Transition</Filter>
    </ClInclude>
    <ClInclude Include="App\Stage\SceneBuilder.h">
      <Filter>App\Stage</Filter>
    </ClInclude>
    <ClInclude Include="App\Stage\SceneLoader.h">
      <Filter>App\Stage</Filter>
    </ClInclude>
    <ClInclude Include="App\Tutorial\Decoration\TutorialDecoration.h">
      <Filter>App\Tutorial\Decoration</Filter>
    </ClInclude>
    <ClInclude Include="App\Tutorial\Service\TutorialService.h">
      <Filter>App\Tutorial\Service</Filter>
    </ClInclude>
    <ClInclude Include="App\Tutorial\System\TutorialSystem.h">
      <Filter>App\Tutorial\System</Filter>
    </ClInclude>
    <ClInclude Include="App\Tutorial\Tutorial.h">
      <Filter>App\Tutorial</Filter>
    </ClInclude>
    <ClInclude Include="Engine\Application\MyGameTitle.h">
      <Filter>Engine\Application</Filter>
    </ClInclude>
    <ClInclude Include="Engine\Audio\Audio.h">
      <Filter>Engine\Audio</Filter>
    </ClInclude>
    <ClInclude Include="Engine\Core\EngineContext.h">
      <Filter>Engine\Core</Filter>
    </ClInclude>
    <ClInclude Include="Engine\Core\GuchisFramework.h">
      <Filter>Engine\Core</Filter>
    </ClInclude>
    <ClInclude Include="Engine\Debugger\DebugSphere.h">
      <Filter>Engine\Debugger</Filter>
    </ClInclude>
    <ClInclude Include="Engine\Debugger\GlobalVariables.h">
      <Filter>Engine\Debugger</Filter>
    </ClInclude>
    <ClInclude Include="Engine\Debugger\ImGuiManager.h">
      <Filter>Engine\Debugger</Filter>
    </ClInclude>
    <ClInclude Include="Engine\Debugger\LeakChecker.h">
      <Filter>Engine\Debugger</Filter>
    </ClInclude>
    <ClInclude Include="Engine\Graphics\Device\CommandContext.h">
      <Filter>Engine\Graphics\Device</Filter>
    </ClInclude>
    <ClInclude Include="Engine\Graphics\Device\DirectXManager.h">
      <Filter>Engine\Graphics\Device</Filter>
    </ClInclude>
    <ClInclude Include="Engine\Graphics\Device\FrameTimer.h">
      <Filter>Engine\Graphics\Device</Filter>
    </ClInclude>
    <ClInclude Include="Engine\Graphics\Device\GraphicsDevice.h">
      <Filter>Engine\Graphics\Device</Filter>
    </ClInclude>
    <ClInclude Include="Engine\Graphics\Device\ShaderCompiler.h">
      <Filter>Engine\Graphics\Device</Filter>
    </ClInclude>
    <ClInclude Include="Engine\Graphics\Device\SwapChainManager.h">
      <Filter>Engine\Graphics\Device</Filter>
    </ClInclude>
    <ClInclude Include="Engine\Graphics\Rendering\Effect\WeaponTrail.h">
      <Filter>Engine\Graphics\Rendering\Effect</Filter>
    </ClInclude>
    <ClInclude Include="Engine\Graphics\Rendering\PSO\PSOBuilder\AnimationPipeline.h">
      <Filter>Engine\Graphics\Rendering\PSO\PSOBuilder</Filter>
    </ClInclude>
    <ClInclude Include="Engine\Graphics\Rendering\PSO\PSOBuilder\CSMPipeline.h">
      <Filter>Engine\Graphics\Rendering\PSO\PSOBuilder</Filter>
    </ClInclude>
    <ClInclude Include="Engine\Graphics\Rendering\PSO\PSOBuilder\CompositePipeline.h">
      <Filter>Engine\Graphics\Rendering\PSO\PSOBuilder</Filter>
    </ClInclude>
    <ClInclude Include="Engine\Graphics\Rendering\PSO\PSOBuilder\DeferredPipeline.h">
      <Filter>Engine\Graphics\Rendering\PSO\PSOBuilder</Filter>
    </ClInclude>
    <ClInclude Include="Engine\Graphics\Rendering\PSO\PSOBuilder\FinalCompositePipeline.h">
      <Filter>Engine\Graphics\Rendering\PSO\PSOBuilder</Filter>
    </ClInclude>
    <ClInclude Include="Engine\Graphics\Rendering\PSO\PSOBuilder\LightingPathPipeline.h">
      <Filter>Engine\Graphics\Rendering\PSO\PSOBuilder</Filter>
    </ClInclude>
    <ClInclude Include="Engine\Graphics\Rendering\PSO\PSOBuilder\ObjectPipeline.h">
      <Filter>Engine\Graphics\Rendering\PSO\PSOBuilder</Filter>
    </ClInclude>
    <ClInclude Include="Engine\Graphics\Rendering\PSO\PSOBuilder\OffScreenPipeline.h">
      <Filter>Engine\Graphics\Rendering\PSO\PSOBuilder</Filter>
    </ClInclude>
    <ClInclude Include="Engine\Graphics\Rendering\PSO\PSOBuilder\ParticlePipeline.h">
      <Filter>Engine\Graphics\Rendering\PSO\PSOBuilder</Filter>
    </ClInclude>
    <ClInclude Include="Engine\Graphics\Rendering\PSO\PSOBuilder\PrimitivePipeline.h">
      <Filter>Engine\Graphics\Rendering\PSO\PSOBuilder</Filter>
    </ClInclude>
    <ClInclude Include="Engine\Graphics\Rendering\PSO\PSOBuilder\SkinningPipeline.h">
      <Filter>Engine\Graphics\Rendering\PSO\PSOBuilder</Filter>
    </ClInclude>
    <ClInclude Include="Engine\Graphics\Rendering\PSO\PSOBuilder\SkyboxPipeline.h">
      <Filter>Engine\Graphics\Rendering\PSO\PSOBuilder</Filter>
    </ClInclude>
    <ClInclude Include="Engine\Graphics\Rendering\PSO\PSOBuilder\SpritePipeline.h">
      <Filter>Engine\Graphics\Rendering\PSO\PSOBuilder</Filter>
    </ClInclude>
    <ClInclude Include="Engine\Graphics\Rendering\PSO\PSOBuilder\TrailPipeline.h">
      <Filter>Engine\Graphics\Rendering\PSO\PSOBuilder</Filter>
    </ClInclude>
    <ClInclude Include="Engine\Graphics\Rendering\PSO\PSOCommon.h">
      <Filter>Engine\Graphics\Rendering\PSO</Filter>
    </ClInclude>
    <ClInclude Include="Engine\Graphics\Rendering\PSO\PSOManager.h">
      <Filter>Engine\Graphics\Rendering\PSO</Filter>
    </ClInclude>
    <ClInclude Include="Engine\Graphics\Rendering\Particle\InstanceData.h">
      <Filter>Engine\Graphics\Rendering\Particle</Filter>
    </ClInclude>
    <ClInclude Include="Engine\Graphics\Rendering\Particle\Particle.h">
      <Filter>Engine\Graphics\Rendering\Particle</Filter>
    </ClInclude>
    <ClInclude Include="Engine\Graphics\Rendering\Particle\ParticleEditor.h">
      <Filter>Engine\Graphics\Rendering\Particle</Filter>
    </ClInclude>
    <ClInclude Include="Engine\Graphics\Rendering\Particle\ParticleEmitter.h">
      <Filter>Engine\Graphics\Rendering\Particle</Filter>
    </ClInclude>
    <ClInclude Include="Engine\Graphics\Rendering\Particle\ParticleGroup.h">
      <Filter>Engine\Graphics\Rendering\Particle</Filter>
    </ClInclude>
    <ClInclude Include="Engine\Graphics\Rendering\Particle\ParticleManager.h">
      <Filter>Engine\Graphics\Rendering\Particle</Filter>
    </ClInclude>
    <ClInclude Include="Engine\Graphics\Rendering\Particle\ParticleRenderSystem.h">
      <Filter>Engine\Graphics\Rendering\Particle</Filter>
    </ClInclude>
    <ClInclude Include="Engine\Graphics\Rendering\Particle\ParticleRenderer.h">
      <Filter>Engine\Graphics\Rendering\Particle</Filter>
    </ClInclude>
    <ClInclude Include="Engine\Graphics\Rendering\Particle\ParticleUpdateSystem.h">
      <Filter>Engine\Graphics\Rendering\Particle</Filter>
    </ClInclude>
    <ClInclude Include="Engine\Graphics\Rendering\PostEffect\BaseOffScreen.h">
      <Filter>Engine\Graphics\Rendering\PostEffect</Filter>
    </ClInclude>
    <ClInclude Include="Engine\Graphics\Rendering\PostEffect\GaussianEffect.h">
      <Filter>Engine\Graphics\Rendering\PostEffect</Filter>
    </ClInclude>
    <ClInclude Include="Engine\Graphics\Rendering\PostEffect\GrayEffect.h">
      <Filter>Engine\Graphics\Rendering\PostEffect</Filter>
    </ClInclude>
    <ClInclude Include="Engine\Graphics\Rendering\PostEffect\OffScreenManager.h">
      <Filter>Engine\Graphics\Rendering\PostEffect</Filter>
    </ClInclude>
    <ClInclude Include="Engine\Graphics\Rendering\PostEffect\OutlineEffect.h">
      <Filter>Engine\Graphics\Rendering\PostEffect</Filter>
    </ClInclude>
    <ClInclude Include="Engine\Graphics\Rendering\PostEffect\PostEffectPath.h">
      <Filter>Engine\Graphics\Rendering\PostEffect</Filter>
    </ClInclude>
    <ClInclude Include="Engine\Graphics\Rendering\PostEffect\SmoothEffect.h">
      <Filter>Engine\Graphics\Rendering\PostEffect</Filter>
    </ClInclude>
    <ClInclude Include="Engine\Graphics\Rendering\PostEffect\VignetteEffect.h">
      <Filter>Engine\Graphics\Rendering\PostEffect</Filter>
    </ClInclude>
    <ClInclude Include="Engine\Graphics\Rendering\RenderPath\IRenderPass.h">
      <Filter>Engine\Graphics\Rendering\RenderPath</Filter>
    </ClInclude>
    <ClInclude Include="Engine\Graphics\Rendering\RenderPath\Impl\ForwardRenderPath.h">
      <Filter>Engine\Graphics\Rendering\RenderPath\Impl</Filter>
    </ClInclude>
    <ClInclude Include="Engine\Graphics\Rendering\RenderPath\Impl\GBufferManager.h">
      <Filter>Engine\Graphics\Rendering\RenderPath\Impl</Filter>
    </ClInclude>
    <ClInclude Include="Engine\Graphics\Rendering\RenderPath\Impl\GBufferPath.h">
      <Filter>Engine\Graphics\Rendering\RenderPath\Impl</Filter>
    </ClInclude>
    <ClInclude Include="Engine\Graphics\Rendering\RenderPath\Impl\LightingPath.h">
      <Filter>Engine\Graphics\Rendering\RenderPath\Impl</Filter>
    </ClInclude>
    <ClInclude Include="Engine\Graphics\Rendering\RenderPath\Pass\ForwardSceneRenderPass.h">
      <Filter>Engine\Graphics\Rendering\RenderPath\Pass</Filter>
    </ClInclude>
    <ClInclude Include="Engine\Graphics\Rendering\RenderPath\Pass\GBufferRenderPass.h">
      <Filter>Engine\Graphics\Rendering\RenderPath\Pass</Filter>
    </ClInclude>
    <ClInclude Include="Engine\Graphics\Rendering\RenderPath\Pass\LightingRenderPass.h">
      <Filter>Engine\Graphics\Rendering\RenderPath\Pass</Filter>
    </ClInclude>
    <ClInclude Include="Engine\Graphics\Rendering\RenderPath\Pass\ShadowRenderPass.h">
      <Filter>Engine\Graphics\Rendering\RenderPath\Pass</Filter>
    </ClInclude>
    <ClInclude Include="Engine\Graphics\Rendering\RenderPath\RenderPipeline.h">
      <Filter>Engine\Graphics\Rendering\RenderPath</Filter>
    </ClInclude>
    <ClInclude Include="Engine\Graphics\Rendering\Shadow\CascadedShadowMap.h">
      <Filter>Engine\Graphics\Rendering\Shadow</Filter>
    </ClInclude>
    <ClInclude Include="Engine\Graphics\Rendering\Shadow\ShadowPass.h">
      <Filter>Engine\Graphics\Rendering\Shadow</Filter>
    </ClInclude>
    <ClInclude Include="Engine\Graphics\Rendering\Shadow\ShadowTypes.h">
      <Filter>Engine\Graphics\Rendering\Shadow</Filter>
    </ClInclude>
    <ClInclude Include="Engine\Graphics\Rendering\Sky\SkySystem.h">
      <Filter>Engine\Graphics\Rendering\Sky</Filter>
    </ClInclude>
    <ClInclude Include="Engine\Graphics\Rendering\Sprite\Sprite.h">
      <Filter>Engine\Graphics\Rendering\Sprite</Filter>
    </ClInclude>
    <ClInclude Include="Engine\Graphics\Rendering\Sprite\SpriteManager.h">
      <Filter>Engine\Graphics\Rendering\Sprite</Filter>
    </ClInclude>
    <ClInclude Include="Engine\Graphics\Rendering\Sprite\SpriteStruct.h">
      <Filter>Engine\Graphics\Rendering\Sprite</Filter>
    </ClInclude>
    <ClInclude Include="Engine\Graphics\Resource\DescriptorRange.h">
      <Filter>Engine\Graphics\Resource</Filter>
    </ClInclude>
    <ClInclude Include="Engine\Graphics\Resource\DsvManager.h">
      <Filter>Engine\Graphics\Resource</Filter>
    </ClInclude>
    <ClInclude Include="Engine\Graphics\Resource\GpuResourceFactory.h">
      <Filter>Engine\Graphics\Resource</Filter>
    </ClInclude>
    <ClInclude Include="Engine\Graphics\Resource\ResourceManager.h">
      <Filter>Engine\Graphics\Resource</Filter>
    </ClInclude>
    <ClInclude Include="Engine\Graphics\Resource\RtvManager.h">
      <Filter>Engine\Graphics\Resource</Filter>
    </ClInclude>
    <ClInclude Include="Engine\Graphics\Resource\SrvManager.h">
      <Filter>Engine\Graphics\Resource</Filter>
    </ClInclude>
    <ClInclude Include="Engine\Graphics\Resource\TextureManager.h">
      <Filter>Engine\Graphics\Resource</Filter>
    </ClInclude>
    <ClInclude Include="Engine\Input\Input.h">
      <Filter>Engine\Input</Filter>
    </ClInclude>
    <ClInclude Include="Engine\Math\Easing.h">
      <Filter>Engine\Math</Filter>
    </ClInclude>
    <ClInclude Include="Engine\Math\MathUtils.h">
      <Filter>Engine\Math</Filter>
    </ClInclude>
    <ClInclude Include="Engine\Math\Matrix4x4.h">
      <Filter>Engine\Math</Filter>
    </ClInclude>
    <ClInclude Include="Engine\Math\Quaternion.h">
      <Filter>Engine\Math</Filter>
    </ClInclude>
    <ClInclude Include="Engine\Math\Vector2.h">
      <Filter>Engine\Math</Filter>
    </ClInclude>
    <ClInclude Include="Engine\Math\Vector3.h">
      <Filter>Engine\Math</Filter>
    </ClInclude>
    <ClInclude Include="Engine\Math\Vector4.h">
      <Filter>Engine\Math</Filter>
    </ClInclude>
    <ClInclude Include="Engine\Platform\WindowManager.h">
      <Filter>Engine\Platform</Filter>
    </ClInclude>
    <ClInclude Include="Engine\Scene\AbstractSceneFactory.h">
      <Filter>Engine\Scene</Filter>
    </ClInclude>
    <ClInclude Include="Engine\Scene\BaseScene.h">
      <Filter>Engine\Scene</Filter>
    </ClInclude>
    <ClInclude Include="Engine\Scene\SampleScene.h">
      <Filter>Engine\Scene</Filter>
    </ClInclude>
    <ClInclude Include="Engine\Scene\SceneManager.h">
      <Filter>Engine\Scene</Filter>
    </ClInclude>
    <ClInclude Include="Engine\Scene\Transition\BaseTransition.h">
      <Filter>Engine\Scene\Transition</Filter>
    </ClInclude>
    <ClInclude Include="Engine\Scene\Transition\FadeTransition.h">
      <Filter>Engine\Scene\Transition</Filter>
    </ClInclude>
    <ClInclude Include="Engine\Scene\Transition\SceneTransitionController.h">
      <Filter>Engine\Scene\Transition</Filter>
    </ClInclude>
    <ClInclude Include="Engine\Scene\Transition\TransitionManager.h">
      <Filter>Engine\Scene\Transition</Filter>
    </ClInclude>
    <ClInclude Include="Engine\Utility\DeltaTime.h">
      <Filter>Engine\Utility</Filter>
    </ClInclude>
    <ClInclude Include="Engine\Utility\Logger.h">
      <Filter>Engine\Utility</Filter>
    </ClInclude>
    <ClInclude Include="Engine\Utility\StringUtility.h">
      <Filter>Engine\Utility</Filter>
    </ClInclude>
    <ClInclude Include="Engine\World3D\Camera\BaseCamera.h">
      <Filter>Engine\World3D\Camera</Filter>
    </ClInclude>
    <ClInclude Include="Engine\World3D\Camera\CameraManager.h">
      <Filter>Engine\World3D\Camera</Filter>
    </ClInclude>
    <ClInclude Include="Engine\World3D\Collider\AABBCollider.h">
      <Filter>Engine\World3D\Collider</Filter>
    </ClInclude>
    <ClInclude Include="Engine\World3D\Collider\BaseCollider.h">
      <Filter>Engine\World3D\Collider</Filter>
    </ClInclude>
    <ClInclude Include="Engine\World3D\Collider\ColliderStructs.h">
      <Filter>Engine\World3D\Collider</Filter>
    </ClInclude>
    <ClInclude Include="Engine\World3D\Collider\CollisionManager.h">
      <Filter>Engine\World3D\Collider</Filter>
    </ClInclude>
    <ClInclude Include="Engine\World3D\Collider\OBBCollider.h">
      <Filter>Engine\World3D\Collider</Filter>
    </ClInclude>
    <ClInclude Include="Engine\World3D\Collider\SphereCollider.h">
      <Filter>Engine\World3D\Collider</Filter>
    </ClInclude>
    <ClInclude Include="Engine\World3D\Light\BaseLight.h">
      <Filter>Engine\World3D\Light</Filter>
    </ClInclude>
    <ClInclude Include="Engine\World3D\Light\DirectionalLight.h">
      <Filter>Engine\World3D\Light</Filter>
    </ClInclude>
    <ClInclude Include="Engine\World3D\Light\LightManager.h">
      <Filter>Engine\World3D\Light</Filter>
    </ClInclude>
    <ClInclude Include="Engine\World3D\Light\LightStructs.h">
      <Filter>Engine\World3D\Light</Filter>
    </ClInclude>
    <ClInclude Include="Engine\World3D\Light\PointLight.h">
      <Filter>Engine\World3D\Light</Filter>
    </ClInclude>
    <ClInclude Include="Engine\World3D\Light\SpotLight.h">
      <Filter>Engine\World3D\Light</Filter>
    </ClInclude>
    <ClInclude Include="Engine\World3D\Object\Model\Animation\Animation.h">
      <Filter>Engine\World3D\Object\Model\Animation</Filter>
    </ClInclude>
    <ClInclude Include="Engine\World3D\Object\Model\Animation\Skeleton.h">
      <Filter>Engine\World3D\Object\Model\Animation</Filter>
    </ClInclude>
    <ClInclude Include="Engine\World3D\Object\Model\Animation\SkinCluster.h">
      <Filter>Engine\World3D\Object\Model\Animation</Filter>
    </ClInclude>
    <ClInclude Include="Engine\World3D\Object\Model\BaseModel.h">
      <Filter>Engine\World3D\Object\Model</Filter>
    </ClInclude>
    <ClInclude Include="Engine\World3D\Object\Model\Material\Material.h">
      <Filter>Engine\World3D\Object\Model\Material</Filter>
    </ClInclude>
    <ClInclude Include="Engine\World3D\Object\Model\Mesh\Mesh.h">
      <Filter>Engine\World3D\Object\Model\Mesh</Filter>
    </ClInclude>
    <ClInclude Include="Engine\World3D\Object\Model\Model.h">
      <Filter>Engine\World3D\Object\Model</Filter>
    </ClInclude>
    <ClInclude Include="Engine\World3D\Object\Model\ModelLoader.h">
      <Filter>Engine\World3D\Object\Model</Filter>
    </ClInclude>
    <ClInclude Include="Engine\World3D\Object\Model\ModelManager.h">
      <Filter>Engine\World3D\Object\Model</Filter>
    </ClInclude>
    <ClInclude Include="Engine\World3D\Object\Model\ModelStructs.h">
      <Filter>Engine\World3D\Object\Model</Filter>
    </ClInclude>
    <ClInclude Include="Engine\World3D\Object\Model\SkinnedModel.h">
      <Filter>Engine\World3D\Object\Model</Filter>
    </ClInclude>
    <ClInclude Include="Engine\World3D\Object\Object3d.h">
      <Filter>Engine\World3D\Object</Filter>
    </ClInclude>
    <ClInclude Include="Engine\World3D\Object\Object3dManager.h">
      <Filter>Engine\World3D\Object</Filter>
    </ClInclude>
    <ClInclude Include="Engine\World3D\Object\ObjectData.h">
      <Filter>Engine\World3D\Object</Filter>
    </ClInclude>
    <ClInclude Include="Engine\World3D\Object\Renderer\BaseRenderer.h">
      <Filter>Engine\World3D\Object\Renderer</Filter>
    </ClInclude>
    <ClInclude Include="Engine\World3D\Object\Renderer\IDeferredDrawable.h">
      <Filter>Engine\World3D\Object\Renderer</Filter>
    </ClInclude>
    <ClInclude Include="Engine\World3D\Object\Renderer\IShadowCaster.h">
      <Filter>Engine\World3D\Object\Renderer</Filter>
    </ClInclude>
    <ClInclude Include="Engine\World3D\Object\Renderer\InstancingRenderer.h">
      <Filter>Engine\World3D\Object\Renderer</Filter>
    </ClInclude>
    <ClInclude Include="Engine\World3D\Object\Renderer\MeshGenerator.h">
      <Filter>Engine\World3D\Object\Renderer</Filter>
    </ClInclude>
    <ClInclude Include="Engine\World3D\Object\Renderer\ModelRenderer.h">
      <Filter>Engine\World3D\Object\Renderer</Filter>
    </ClInclude>
    <ClInclude Include="Engine\World3D\Object\Renderer\PrimitiveFactory.h">
      <Filter>Engine\World3D\Object\Renderer</Filter>
    </ClInclude>
    <ClInclude Include="Engine\World3D\Object\Renderer\PrimitiveRenderer.h">
      <Filter>Engine\World3D\Object\Renderer</Filter>
    </ClInclude>
    <ClInclude Include="Engine\World3D\Object\Renderer\PrimitiveType.h">
      <Filter>Engine\World3D\Object\Renderer</Filter>
    </ClInclude>
    <ClInclude Include="Engine\World3D\Object\Renderer\RendererManager.h">
      <Filter>Engine\World3D\Object\Renderer</Filter>
    </ClInclude>
    <ClInclude Include="Engine\World3D\Primitive\PrimitiveLineDrawer.h">
      <Filter>Engine\World3D\Primitive</Filter>
    </ClInclude>
    <ClInclude Include="Engine\World3D\WorldTransform.h">
      <Filter>Engine\World3D</Filter>
    </ClInclude>
    <ClInclude Include="Externals\imgui-node-editor\crude_json.h">
      <Filter>Externals\imgui-node-editor</Filter>
    </ClInclude>
    <ClInclude Include="Externals\imgui-node-editor\imgui_bezier_math.h">
      <Filter>Externals\imgui-node-editor</Filter>
    </ClInclude>
    <ClInclude Include="Externals\imgui-node-editor\imgui_canvas.h">
      <Filter>Externals\imgui-node-editor</Filter>
    </ClInclude>
    <ClInclude Include="Externals\imgui-node-editor\imgui_extra_math.h">
      <Filter>Externals\imgui-node-editor</Filter>
    </ClInclude>
    <ClInclude Include="Externals\imgui-node-editor\imgui_node_editor.h">
      <Filter>Externals\imgui-node-editor</Filter>
    </ClInclude>
    <ClInclude Include="Externals\imgui-node-editor\imgui_node_editor_internal.h">
      <Filter>Externals\imgui-node-editor</Filter>
    </ClInclude>
    <ClInclude Include="Externals\imgui\imconfig.h">
      <Filter>Externals\imgui</Filter>
    </ClInclude>
    <ClInclude Include="Externals\imgui\imgui.h">
      <Filter>Externals\imgui</Filter>
    </ClInclude>
    <ClInclude Include="Externals\imgui\imgui_impl_dx12.h">
      <Filter>Externals\imgui</Filter>
    </ClInclude>
    <ClInclude Include="Externals\imgui\imgui_impl_win32.h">
      <Filter>Externals\imgui</Filter>
    </ClInclude>
    <ClInclude Include="Externals\imgui\imgui_internal.h">
      <Filter>Externals\imgui</Filter>
    </ClInclude>
    <ClInclude Include="Externals\imgui\imstb_rectpack.h">
      <Filter>Externals\imgui</Filter>
    </ClInclude>
    <ClInclude Include="Externals\imgui\imstb_textedit.h">
      <Filter>Externals\imgui</Filter>
    </ClInclude>
    <ClInclude Include="Externals\imgui\imstb_truetype.h">
      <Filter>Externals\imgui</Filter>
    </ClInclude>
  </ItemGroup>
  <ItemGroup>
    <ClCompile Include="App\GameData\GameData.cpp">
      <Filter>App\GameData</Filter>
    </ClCompile>
    <ClCompile Include="App\GameData\Score\StylishScoreManager.cpp">
      <Filter>App\GameData\Score</Filter>
    </ClCompile>
    <ClCompile Include="App\GameObject\Camera\ClearCamera.cpp">
      <Filter>App\GameObject\Camera</Filter>
    </ClCompile>
    <ClCompile Include="App\GameObject\Camera\DeathCamera.cpp">
      <Filter>App\GameObject\Camera</Filter>
    </ClCompile>
    <ClCompile Include="App\GameObject\Camera\GameCamera.cpp">
      <Filter>App\GameObject\Camera</Filter>
    </ClCompile>
    <ClCompile Include="App\GameObject\Camera\LockOnCamera.cpp">
      <Filter>App\GameObject\Camera</Filter>
    </ClCompile>
    <ClCompile Include="App\GameObject\Camera\TitleCamera.cpp">
      <Filter>App\GameObject\Camera</Filter>
    </ClCompile>
    <ClCompile Include="App\GameObject\Character\Enemy\BossKnight\BossKnight.cpp">
      <Filter>App\GameObject\Character\Enemy\BossKnight</Filter>
    </ClCompile>
    <ClCompile Include="App\GameObject\Character\Enemy\BossKnight\BossWeapon.cpp">
      <Filter>App\GameObject\Character\Enemy\BossKnight</Filter>
    </ClCompile>
    <ClCompile Include="App\GameObject\Character\Enemy\BossKnight\State\BossStateApproach.cpp">
      <Filter>App\GameObject\Character\Enemy\BossKnight\State</Filter>
    </ClCompile>
    <ClCompile Include="App\GameObject\Character\Enemy\BossKnight\State\BossStateCombatIdle.cpp">
      <Filter>App\GameObject\Character\Enemy\BossKnight\State</Filter>
    </ClCompile>
    <ClCompile Include="App\GameObject\Character\Enemy\BossKnight\State\BossStateHeavySword.cpp">
      <Filter>App\GameObject\Character\Enemy\BossKnight\State</Filter>
    </ClCompile>
    <ClCompile Include="App\GameObject\Character\Enemy\BossKnight\State\BossStateRush.cpp">
      <Filter>App\GameObject\Character\Enemy\BossKnight\State</Filter>
    </ClCompile>
    <ClCompile Include="App\GameObject\Character\Enemy\BossKnight\State\BossStateSlash.cpp">
      <Filter>App\GameObject\Character\Enemy\BossKnight\State</Filter>
    </ClCompile>
    <ClCompile Include="App\GameObject\Character\Enemy\Component\EnemyMeleeAttackComponent.cpp">
      <Filter>App\GameObject\Character\Enemy\Component</Filter>
    </ClCompile>
    <ClCompile Include="App\GameObject\Character\Enemy\Component\EnemyMovementComponent.cpp">
      <Filter>App\GameObject\Character\Enemy\Component</Filter>
    </ClCompile>
    <ClCompile Include="App\GameObject\Character\Enemy\Component\EnemySensorComponent.cpp">
      <Filter>App\GameObject\Character\Enemy\Component</Filter>
    </ClCompile>
    <ClCompile Include="App\GameObject\Character\Enemy\Enemy.cpp">
      <Filter>App\GameObject\Character\Enemy</Filter>
    </ClCompile>
    <ClCompile Include="App\GameObject\Character\Enemy\GruntMelee\GruntMelee.cpp">
      <Filter>App\GameObject\Character\Enemy\GruntMelee</Filter>
    </ClCompile>
    <ClCompile Include="App\GameObject\Character\Enemy\GruntMelee\GruntMeleeWeapon.cpp">
      <Filter>App\GameObject\Character\Enemy\GruntMelee</Filter>
    </ClCompile>
    <ClCompile Include="App\GameObject\Character\Enemy\GruntMelee\State\GruntStateApproach.cpp">
      <Filter>App\GameObject\Character\Enemy\GruntMelee\State</Filter>
    </ClCompile>
    <ClCompile Include="App\GameObject\Character\Enemy\GruntMelee\State\GruntStateAttackNormal.cpp">
      <Filter>App\GameObject\Character\Enemy\GruntMelee\State</Filter>
    </ClCompile>
    <ClCompile Include="App\GameObject\Character\Enemy\GruntMelee\State\GruntStateCombatIdle.cpp">
      <Filter>App\GameObject\Character\Enemy\GruntMelee\State</Filter>
    </ClCompile>
    <ClCompile Include="App\GameObject\Character\Enemy\GruntMelee\State\GruntStatePatrol.cpp">
      <Filter>App\GameObject\Character\Enemy\GruntMelee\State</Filter>
    </ClCompile>
    <ClCompile Include="App\GameObject\Character\Enemy\GruntMelee\State\GruntStateRetreat.cpp">
      <Filter>App\GameObject\Character\Enemy\GruntMelee\State</Filter>
    </ClCompile>
    <ClCompile Include="App\GameObject\Character\Enemy\GruntMelee\State\GruntStateRushAttack.cpp">
      <Filter>App\GameObject\Character\Enemy\GruntMelee\State</Filter>
    </ClCompile>
    <ClCompile Include="App\GameObject\Character\Enemy\GruntMelee\State\GruntStateSideMove.cpp">
      <Filter>App\GameObject\Character\Enemy\GruntMelee\State</Filter>
    </ClCompile>
    <ClCompile Include="App\GameObject\Character\Enemy\Hellkaina\Hellkaina.cpp">
      <Filter>App\GameObject\Character\Enemy\Hellkaina</Filter>
    </ClCompile>
    <ClCompile Include="App\GameObject\Character\Enemy\Hellkaina\HellkainaWeapon.cpp">
      <Filter>App\GameObject\Character\Enemy\Hellkaina</Filter>
    </ClCompile>
    <ClCompile Include="App\GameObject\Character\Enemy\State\EnemyStateAir.cpp">
      <Filter>App\GameObject\Character\Enemy\State</Filter>
    </ClCompile>
    <ClCompile Include="App\GameObject\Character\Enemy\State\EnemyStateIdle.cpp">
      <Filter>App\GameObject\Character\Enemy\State</Filter>
    </ClCompile>
    <ClCompile Include="App\GameObject\Character\Enemy\State\EnemyStateKnockBack.cpp">
      <Filter>App\GameObject\Character\Enemy\State</Filter>
    </ClCompile>
    <ClCompile Include="App\GameObject\Character\Enemy\State\EnemyStateMove.cpp">
      <Filter>App\GameObject\Character\Enemy\State</Filter>
    </ClCompile>
    <ClCompile Include="App\GameObject\Character\Enemy\State\EnemyStateSideMove.cpp">
      <Filter>App\GameObject\Character\Enemy\State</Filter>
    </ClCompile>
    <ClCompile Include="App\GameObject\Character\Enemy\State\HellkainaStateAttackA.cpp">
      <Filter>App\GameObject\Character\Enemy\State</Filter>
    </ClCompile>
    <ClCompile Include="App\GameObject\Character\Enemy\State\HellkainaStateAttackB.cpp">
      <Filter>App\GameObject\Character\Enemy\State</Filter>
    </ClCompile>
    <ClCompile Include="App\GameObject\Character\Player\Combat\AttackPlayer.cpp">
      <Filter>App\GameObject\Character\Player\Combat</Filter>
    </ClCompile>
    <ClCompile Include="App\GameObject\Character\Player\Combat\PlayerCombat.cpp">
      <Filter>App\GameObject\Character\Player\Combat</Filter>
    </ClCompile>
    <ClCompile Include="App\GameObject\Character\Player\Controller\PlayerInput.cpp">
      <Filter>App\GameObject\Character\Player\Controller</Filter>
    </ClCompile>
    <ClCompile Include="App\GameObject\Character\Player\Player.cpp">
      <Filter>App\GameObject\Character\Player</Filter>
    </ClCompile>
    <ClCompile Include="App\GameObject\Character\Player\PlayerWeapon.cpp">
      <Filter>App\GameObject\Character\Player</Filter>
    </ClCompile>
    <ClCompile Include="App\GameObject\Character\Player\State\Attack\PlayerStateAttack.cpp">
      <Filter>App\GameObject\Character\Player\State\Attack</Filter>
    </ClCompile>
    <ClCompile Include="App\GameObject\Character\Player\State\PlayerStateAir.cpp">
      <Filter>App\GameObject\Character\Player\State</Filter>
    </ClCompile>
    <ClCompile Include="App\GameObject\Character\Player\State\PlayerStateClear.cpp">
      <Filter>App\GameObject\Character\Player\State</Filter>
    </ClCompile>
    <ClCompile Include="App\GameObject\Character\Player\State\PlayerStateDeath.cpp">
      <Filter>App\GameObject\Character\Player\State</Filter>
    </ClCompile>
    <ClCompile Include="App\GameObject\Character\Player\State\PlayerStateIdle.cpp">
      <Filter>App\GameObject\Character\Player\State</Filter>
    </ClCompile>
    <ClCompile Include="App\GameObject\Character\Player\State\PlayerStateJump.cpp">
      <Filter>App\GameObject\Character\Player\State</Filter>
    </ClCompile>
    <ClCompile Include="App\GameObject\Character\Player\State\PlayerStateKnockBack.cpp">
      <Filter>App\GameObject\Character\Player\State</Filter>
    </ClCompile>
    <ClCompile Include="App\GameObject\Character\Player\State\PlayerStateMove.cpp">
      <Filter>App\GameObject\Character\Player\State</Filter>
    </ClCompile>
    <ClCompile Include="App\GameObject\Character\Player\StateMachine\PlayerStateMachine.cpp">
      <Filter>App\GameObject\Character\Player\StateMachine</Filter>
    </ClCompile>
    <ClCompile Include="App\GameObject\Effect\HitStop.cpp">
      <Filter>App\GameObject\Effect</Filter>
    </ClCompile>
    <ClCompile Include="App\GameObject\Effect\HitVignetteEffect.cpp">
      <Filter>App\GameObject\Effect</Filter>
    </ClCompile>
    <ClCompile Include="App\GameObject\Event\BaseEvent.cpp">
      <Filter>App\GameObject\Event</Filter>
    </ClCompile>
    <ClCompile Include="App\GameObject\Event\ClearEvent.cpp">
      <Filter>App\GameObject\Event</Filter>
    </ClCompile>
    <ClCompile Include="App\GameObject\Event\EnemySpawnEvent.cpp">
      <Filter>App\GameObject\Event</Filter>
    </ClCompile>
    <ClCompile Include="App\GameObject\Event\EventFactory.cpp">
      <Filter>App\GameObject\Event</Filter>
    </ClCompile>
    <ClCompile Include="App\GameObject\Event\EventManager.cpp">
      <Filter>App\GameObject\Event</Filter>
    </ClCompile>
    <ClCompile Include="App\GameObject\Ground\Ground.cpp">
      <Filter>App\GameObject\Ground</Filter>
    </ClCompile>
    <ClCompile Include="App\GameObject\LockOn\LockOnSystem.cpp">
      <Filter>App\GameObject\LockOn</Filter>
    </ClCompile>
    <ClCompile Include="App\GameObject\LockOn\LockOnTarget.cpp">
      <Filter>App\GameObject\LockOn</Filter>
    </ClCompile>
    <ClCompile Include="App\GameObject\UI\ClearUI\ClearUI.cpp">
      <Filter>App\GameObject\UI\ClearUI</Filter>
    </ClCompile>
    <ClCompile Include="App\GameObject\UI\ClearUI\RankUI.cpp">
      <Filter>App\GameObject\UI\ClearUI</Filter>
    </ClCompile>
    <ClCompile Include="App\GameObject\UI\ClearUI\ScoreUI.cpp">
      <Filter>App\GameObject\UI\ClearUI</Filter>
    </ClCompile>
    <ClCompile Include="App\GameObject\UI\GameUI\GameUI.cpp">
      <Filter>App\GameObject\UI\GameUI</Filter>
    </ClCompile>
    <ClCompile Include="App\GameObject\UI\Menu\MenuChoices.cpp">
      <Filter>App\GameObject\UI\Menu</Filter>
    </ClCompile>
    <ClCompile Include="App\GameObject\UI\Menu\MenuController.cpp">
      <Filter>App\GameObject\UI\Menu</Filter>
    </ClCompile>
    <ClCompile Include="App\GameObject\UI\Menu\MenuDivider.cpp">
      <Filter>App\GameObject\UI\Menu</Filter>
    </ClCompile>
    <ClCompile Include="App\GameObject\UI\Menu\MenuUI.cpp">
      <Filter>App\GameObject\UI\Menu</Filter>
    </ClCompile>
    <ClCompile Include="App\GameObject\UI\StageStart\StageStart.cpp">
      <Filter>App\GameObject\UI\StageStart</Filter>
    </ClCompile>
    <ClCompile Include="App\GameObject\UI\TitleUI\TitleUI.cpp">
      <Filter>App\GameObject\UI\TitleUI</Filter>
    </ClCompile>
    <ClCompile Include="App\GameObjectRegister.cpp">
      <Filter>App</Filter>
    </ClCompile>
    <ClCompile Include="App\Input\CameraInput.cpp">
      <Filter>App\Input</Filter>
    </ClCompile>
    <ClCompile Include="App\Input\InputContext.cpp">
      <Filter>App\Input</Filter>
    </ClCompile>
    <ClCompile Include="App\Input\LockOnInput.cpp">
      <Filter>App\Input</Filter>
    </ClCompile>
    <ClCompile Include="App\Scene\ClearScene.cpp">
      <Filter>App\Scene</Filter>
    </ClCompile>
    <ClCompile Include="App\Scene\EditScene.cpp">
      <Filter>App\Scene</Filter>
    </ClCompile>
    <ClCompile Include="App\Scene\GameScene\GameScene.cpp">
      <Filter>App\Scene\GameScene</Filter>
    </ClCompile>
    <ClCompile Include="App\Scene\GameScene\State\GameSceneStateBase.cpp">
      <Filter>App\Scene\GameScene\State</Filter>
    </ClCompile>
    <ClCompile Include="App\Scene\GameScene\State\GameSceneStateClear.cpp">
      <Filter>App\Scene\GameScene\State</Filter>
    </ClCompile>
    <ClCompile Include="App\Scene\GameScene\State\GameSceneStateMenu.cpp">
      <Filter>App\Scene\GameScene\State</Filter>
    </ClCompile>
    <ClCompile Include="App\Scene\GameScene\State\GameSceneStatePlay.cpp">
      <Filter>App\Scene\GameScene\State</Filter>
    </ClCompile>
    <ClCompile Include="App\Scene\GameScene\State\GameSceneStateStart.cpp">
      <Filter>App\Scene\GameScene\State</Filter>
    </ClCompile>
    <ClCompile Include="App\Scene\Object3dFactory.cpp">
      <Filter>App\Scene</Filter>
    </ClCompile>
    <ClCompile Include="App\Scene\SceneFactory.cpp">
      <Filter>App\Scene</Filter>
    </ClCompile>
    <ClCompile Include="App\Scene\TitleScene.cpp">
      <Filter>App\Scene</Filter>
    </ClCompile>
    <ClCompile Include="App\Scene\Transition\VignetteExpandTransition.cpp">
      <Filter>App\Scene\Transition</Filter>
    </ClCompile>
    <ClCompile Include="App\Stage\SceneBuilder.cpp">
      <Filter>App\Stage</Filter>
    </ClCompile>
    <ClCompile Include="App\Stage\SceneLoader.cpp">
      <Filter>App\Stage</Filter>
    </ClCompile>
    <ClCompile Include="App\Tutorial\Decoration\TutorialDecoration.cpp">
      <Filter>App\Tutorial\Decoration</Filter>
    </ClCompile>
    <ClCompile Include="App\Tutorial\System\TutorialSystem.cpp">
      <Filter>App\Tutorial\System</Filter>
    </ClCompile>
    <ClCompile Include="App\Tutorial\Tutorial.cpp">
      <Filter>App\Tutorial</Filter>
    </ClCompile>
    <ClCompile Include="Engine\Application\MyGameTitle.cpp">
      <Filter>Engine\Application</Filter>
    </ClCompile>
    <ClCompile Include="Engine\Audio\Audio.cpp">
      <Filter>Engine\Audio</Filter>
    </ClCompile>
    <ClCompile Include="Engine\Core\GuchisFramework.cpp">
      <Filter>Engine\Core</Filter>
    </ClCompile>
    <ClCompile Include="Engine\Debugger\DebugSphere.cpp">
      <Filter>Engine\Debugger</Filter>
    </ClCompile>
    <ClCompile Include="Engine\Debugger\GlobalVariables.cpp">
      <Filter>Engine\Debugger</Filter>
    </ClCompile>
    <ClCompile Include="Engine\Debugger\ImGuiManager.cpp">
      <Filter>Engine\Debugger</Filter>
    </ClCompile>
    <ClCompile Include="Engine\Debugger\LeakChecker.cpp">
      <Filter>Engine\Debugger</Filter>
    </ClCompile>
    <ClCompile Include="Engine\Graphics\Device\CommandContext.cpp">
      <Filter>Engine\Graphics\Device</Filter>
    </ClCompile>
    <ClCompile Include="Engine\Graphics\Device\DirectXManager.cpp">
      <Filter>Engine\Graphics\Device</Filter>
    </ClCompile>
    <ClCompile Include="Engine\Graphics\Device\FrameTimer.cpp">
      <Filter>Engine\Graphics\Device</Filter>
    </ClCompile>
    <ClCompile Include="Engine\Graphics\Device\GraphicsDevice.cpp">
      <Filter>Engine\Graphics\Device</Filter>
    </ClCompile>
    <ClCompile Include="Engine\Graphics\Device\ShaderCompiler.cpp">
      <Filter>Engine\Graphics\Device</Filter>
    </ClCompile>
    <ClCompile Include="Engine\Graphics\Device\SwapChainManager.cpp">
      <Filter>Engine\Graphics\Device</Filter>
    </ClCompile>
    <ClCompile Include="Engine\Graphics\Rendering\Effect\WeaponTrail.cpp">
      <Filter>Engine\Graphics\Rendering\Effect</Filter>
    </ClCompile>
    <ClCompile Include="Engine\Graphics\Rendering\PSO\PSOBuilder\AnimationPipeline.cpp">
      <Filter>Engine\Graphics\Rendering\PSO\PSOBuilder</Filter>
    </ClCompile>
    <ClCompile Include="Engine\Graphics\Rendering\PSO\PSOBuilder\CSMPipeline.cpp">
      <Filter>Engine\Graphics\Rendering\PSO\PSOBuilder</Filter>
    </ClCompile>
    <ClCompile Include="Engine\Graphics\Rendering\PSO\PSOBuilder\CompositePipeline.cpp">
      <Filter>Engine\Graphics\Rendering\PSO\PSOBuilder</Filter>
    </ClCompile>
    <ClCompile Include="Engine\Graphics\Rendering\PSO\PSOBuilder\DeferredPipeline.cpp">
      <Filter>Engine\Graphics\Rendering\PSO\PSOBuilder</Filter>
    </ClCompile>
    <ClCompile Include="Engine\Graphics\Rendering\PSO\PSOBuilder\FinalCompositePipeline.cpp">
      <Filter>Engine\Graphics\Rendering\PSO\PSOBuilder</Filter>
    </ClCompile>
    <ClCompile Include="Engine\Graphics\Rendering\PSO\PSOBuilder\LightingPathPipeline.cpp">
      <Filter>Engine\Graphics\Rendering\PSO\PSOBuilder</Filter>
    </ClCompile>
    <ClCompile Include="Engine\Graphics\Rendering\PSO\PSOBuilder\ObjectPipeline.cpp">
      <Filter>Engine\Graphics\Rendering\PSO\PSOBuilder</Filter>
    </ClCompile>
    <ClCompile Include="Engine\Graphics\Rendering\PSO\PSOBuilder\OffScreenPipeline.cpp">
      <Filter>Engine\Graphics\Rendering\PSO\PSOBuilder</Filter>
    </ClCompile>
    <ClCompile Include="Engine\Graphics\Rendering\PSO\PSOBuilder\ParticlePipeline.cpp">
      <Filter>Engine\Graphics\Rendering\PSO\PSOBuilder</Filter>
    </ClCompile>
    <ClCompile Include="Engine\Graphics\Rendering\PSO\PSOBuilder\PrimitivePipeline.cpp">
      <Filter>Engine\Graphics\Rendering\PSO\PSOBuilder</Filter>
    </ClCompile>
    <ClCompile Include="Engine\Graphics\Rendering\PSO\PSOBuilder\SkinningPipeline.cpp">
      <Filter>Engine\Graphics\Rendering\PSO\PSOBuilder</Filter>
    </ClCompile>
    <ClCompile Include="Engine\Graphics\Rendering\PSO\PSOBuilder\SkyboxPipeline.cpp">
      <Filter>Engine\Graphics\Rendering\PSO\PSOBuilder</Filter>
    </ClCompile>
    <ClCompile Include="Engine\Graphics\Rendering\PSO\PSOBuilder\SpritePipeline.cpp">
      <Filter>Engine\Graphics\Rendering\PSO\PSOBuilder</Filter>
    </ClCompile>
    <ClCompile Include="Engine\Graphics\Rendering\PSO\PSOBuilder\TrailPipeline.cpp">
      <Filter>Engine\Graphics\Rendering\PSO\PSOBuilder</Filter>
    </ClCompile>
    <ClCompile Include="Engine\Graphics\Rendering\PSO\PSOManager.cpp">
      <Filter>Engine\Graphics\Rendering\PSO</Filter>
    </ClCompile>
    <ClCompile Include="Engine\Graphics\Rendering\Particle\ParticleEditor.cpp">
      <Filter>Engine\Graphics\Rendering\Particle</Filter>
    </ClCompile>
    <ClCompile Include="Engine\Graphics\Rendering\Particle\ParticleEmitter.cpp">
      <Filter>Engine\Graphics\Rendering\Particle</Filter>
    </ClCompile>
    <ClCompile Include="Engine\Graphics\Rendering\Particle\ParticleManager.cpp">
      <Filter>Engine\Graphics\Rendering\Particle</Filter>
    </ClCompile>
    <ClCompile Include="Engine\Graphics\Rendering\Particle\ParticleRenderSystem.cpp">
      <Filter>Engine\Graphics\Rendering\Particle</Filter>
    </ClCompile>
    <ClCompile Include="Engine\Graphics\Rendering\Particle\ParticleRenderer.cpp">
      <Filter>Engine\Graphics\Rendering\Particle</Filter>
    </ClCompile>
    <ClCompile Include="Engine\Graphics\Rendering\Particle\ParticleUpdateSystem.cpp">
      <Filter>Engine\Graphics\Rendering\Particle</Filter>
    </ClCompile>
    <ClCompile Include="Engine\Graphics\Rendering\PostEffect\GaussianEffect.cpp">
      <Filter>Engine\Graphics\Rendering\PostEffect</Filter>
    </ClCompile>
    <ClCompile Include="Engine\Graphics\Rendering\PostEffect\GrayEffect.cpp">
      <Filter>Engine\Graphics\Rendering\PostEffect</Filter>
    </ClCompile>
    <ClCompile Include="Engine\Graphics\Rendering\PostEffect\OffScreenManager.cpp">
      <Filter>Engine\Graphics\Rendering\PostEffect</Filter>
    </ClCompile>
    <ClCompile Include="Engine\Graphics\Rendering\PostEffect\OutlineEffect.cpp">
      <Filter>Engine\Graphics\Rendering\PostEffect</Filter>
    </ClCompile>
    <ClCompile Include="Engine\Graphics\Rendering\PostEffect\PostEffectPath.cpp">
      <Filter>Engine\Graphics\Rendering\PostEffect</Filter>
    </ClCompile>
    <ClCompile Include="Engine\Graphics\Rendering\PostEffect\SmoothEffect.cpp">
      <Filter>Engine\Graphics\Rendering\PostEffect</Filter>
    </ClCompile>
    <ClCompile Include="Engine\Graphics\Rendering\PostEffect\VignetteEffect.cpp">
      <Filter>Engine\Graphics\Rendering\PostEffect</Filter>
    </ClCompile>
    <ClCompile Include="Engine\Graphics\Rendering\RenderPath\Impl\ForwardRenderPath.cpp">
      <Filter>Engine\Graphics\Rendering\RenderPath\Impl</Filter>
    </ClCompile>
    <ClCompile Include="Engine\Graphics\Rendering\RenderPath\Impl\GBufferManager.cpp">
      <Filter>Engine\Graphics\Rendering\RenderPath\Impl</Filter>
    </ClCompile>
    <ClCompile Include="Engine\Graphics\Rendering\RenderPath\Impl\GBufferPath.cpp">
      <Filter>Engine\Graphics\Rendering\RenderPath\Impl</Filter>
    </ClCompile>
    <ClCompile Include="Engine\Graphics\Rendering\RenderPath\Impl\LightingPath.cpp">
      <Filter>Engine\Graphics\Rendering\RenderPath\Impl</Filter>
    </ClCompile>
    <ClCompile Include="Engine\Graphics\Rendering\RenderPath\Pass\ForwardSceneRenderPass.cpp">
      <Filter>Engine\Graphics\Rendering\RenderPath\Pass</Filter>
    </ClCompile>
    <ClCompile Include="Engine\Graphics\Rendering\RenderPath\Pass\GBufferRenderPass.cpp">
      <Filter>Engine\Graphics\Rendering\RenderPath\Pass</Filter>
    </ClCompile>
    <ClCompile Include="Engine\Graphics\Rendering\RenderPath\Pass\LightingRenderPass.cpp">
      <Filter>Engine\Graphics\Rendering\RenderPath\Pass</Filter>
    </ClCompile>
    <ClCompile Include="Engine\Graphics\Rendering\RenderPath\Pass\ShadowRenderPass.cpp">
      <Filter>Engine\Graphics\Rendering\RenderPath\Pass</Filter>
    </ClCompile>
    <ClCompile Include="Engine\Graphics\Rendering\RenderPath\RenderPipeline.cpp">
      <Filter>Engine\Graphics\Rendering\RenderPath</Filter>
    </ClCompile>
    <ClCompile Include="Engine\Graphics\Rendering\Shadow\CascadedShadowMap.cpp">
      <Filter>Engine\Graphics\Rendering\Shadow</Filter>
    </ClCompile>
    <ClCompile Include="Engine\Graphics\Rendering\Shadow\ShadowPass.cpp">
      <Filter>Engine\Graphics\Rendering\Shadow</Filter>
    </ClCompile>
    <ClCompile Include="Engine\Graphics\Rendering\Sky\SkySystem.cpp">
      <Filter>Engine\Graphics\Rendering\Sky</Filter>
    </ClCompile>
    <ClCompile Include="Engine\Graphics\Rendering\Sprite\Sprite.cpp">
      <Filter>Engine\Graphics\Rendering\Sprite</Filter>
    </ClCompile>
    <ClCompile Include="Engine\Graphics\Rendering\Sprite\SpriteManager.cpp">
      <Filter>Engine\Graphics\Rendering\Sprite</Filter>
    </ClCompile>
    <ClCompile Include="Engine\Graphics\Resource\DsvManager.cpp">
      <Filter>Engine\Graphics\Resource</Filter>
    </ClCompile>
    <ClCompile Include="Engine\Graphics\Resource\GpuResourceFactory.cpp">
      <Filter>Engine\Graphics\Resource</Filter>
    </ClCompile>
    <ClCompile Include="Engine\Graphics\Resource\ResourceManager.cpp">
      <Filter>Engine\Graphics\Resource</Filter>
    </ClCompile>
    <ClCompile Include="Engine\Graphics\Resource\RtvManager.cpp">
      <Filter>Engine\Graphics\Resource</Filter>
    </ClCompile>
    <ClCompile Include="Engine\Graphics\Resource\SrvManager.cpp">
      <Filter>Engine\Graphics\Resource</Filter>
    </ClCompile>
    <ClCompile Include="Engine\Graphics\Resource\TextureManager.cpp">
      <Filter>Engine\Graphics\Resource</Filter>
    </ClCompile>
    <ClCompile Include="Engine\Input\Input.cpp">
      <Filter>Engine\Input</Filter>
    </ClCompile>
    <ClCompile Include="Engine\Math\Easing.cpp">
      <Filter>Engine\Math</Filter>
    </ClCompile>
    <ClCompile Include="Engine\Math\MathUtils.cpp">
      <Filter>Engine\Math</Filter>
    </ClCompile>
    <ClCompile Include="Engine\Math\Matrix4x4.cpp">
      <Filter>Engine\Math</Filter>
    </ClCompile>
    <ClCompile Include="Engine\Math\Quaternion.cpp">
      <Filter>Engine\Math</Filter>
    </ClCompile>
    <ClCompile Include="Engine\Math\Vector3.cpp">
      <Filter>Engine\Math</Filter>
    </ClCompile>
    <ClCompile Include="Engine\Math\Vector4.cpp">
      <Filter>Engine\Math</Filter>
    </ClCompile>
    <ClCompile Include="Engine\Platform\WindowManager.cpp">
      <Filter>Engine\Platform</Filter>
    </ClCompile>
    <ClCompile Include="Engine\Scene\BaseScene.cpp">
      <Filter>Engine\Scene</Filter>
    </ClCompile>
    <ClCompile Include="Engine\Scene\SampleScene.cpp">
      <Filter>Engine\Scene</Filter>
    </ClCompile>
    <ClCompile Include="Engine\Scene\SceneManager.cpp">
      <Filter>Engine\Scene</Filter>
    </ClCompile>
    <ClCompile Include="Engine\Scene\Transition\FadeTransition.cpp">
      <Filter>Engine\Scene\Transition</Filter>
    </ClCompile>
    <ClCompile Include="Engine\Scene\Transition\SceneTransitionController.cpp">
      <Filter>Engine\Scene\Transition</Filter>
    </ClCompile>
    <ClCompile Include="Engine\Scene\Transition\TransitionManager.cpp">
      <Filter>Engine\Scene\Transition</Filter>
    </ClCompile>
    <ClCompile Include="Engine\Utility\DeltaTime.cpp">
      <Filter>Engine\Utility</Filter>
    </ClCompile>
    <ClCompile Include="Engine\Utility\Logger.cpp">
      <Filter>Engine\Utility</Filter>
    </ClCompile>
    <ClCompile Include="Engine\Utility\StringUtility.cpp">
      <Filter>Engine\Utility</Filter>
    </ClCompile>
    <ClCompile Include="Engine\World3D\Camera\BaseCamera.cpp">
      <Filter>Engine\World3D\Camera</Filter>
    </ClCompile>
    <ClCompile Include="Engine\World3D\Camera\CameraManager.cpp">
      <Filter>Engine\World3D\Camera</Filter>
    </ClCompile>
    <ClCompile Include="Engine\World3D\Collider\AABBCollider.cpp">
      <Filter>Engine\World3D\Collider</Filter>
    </ClCompile>
    <ClCompile Include="Engine\World3D\Collider\CollisionManager.cpp">
      <Filter>Engine\World3D\Collider</Filter>
    </ClCompile>
    <ClCompile Include="Engine\World3D\Collider\OBBCollider.cpp">
      <Filter>Engine\World3D\Collider</Filter>
    </ClCompile>
    <ClCompile Include="Engine\World3D\Collider\SphereCollider.cpp">
      <Filter>Engine\World3D\Collider</Filter>
    </ClCompile>
    <ClCompile Include="Engine\World3D\Light\DirectionalLight.cpp">
      <Filter>Engine\World3D\Light</Filter>
    </ClCompile>
    <ClCompile Include="Engine\World3D\Light\LightManager.cpp">
      <Filter>Engine\World3D\Light</Filter>
    </ClCompile>
    <ClCompile Include="Engine\World3D\Light\PointLight.cpp">
      <Filter>Engine\World3D\Light</Filter>
    </ClCompile>
    <ClCompile Include="Engine\World3D\Light\SpotLight.cpp">
      <Filter>Engine\World3D\Light</Filter>
    </ClCompile>
    <ClCompile Include="Engine\World3D\Object\Model\Animation\Animation.cpp">
      <Filter>Engine\World3D\Object\Model\Animation</Filter>
    </ClCompile>
    <ClCompile Include="Engine\World3D\Object\Model\Animation\Skeleton.cpp">
      <Filter>Engine\World3D\Object\Model\Animation</Filter>
    </ClCompile>
    <ClCompile Include="Engine\World3D\Object\Model\Animation\SkinCluster.cpp">
      <Filter>Engine\World3D\Object\Model\Animation</Filter>
    </ClCompile>
    <ClCompile Include="Engine\World3D\Object\Model\Material\Material.cpp">
      <Filter>Engine\World3D\Object\Model\Material</Filter>
    </ClCompile>
    <ClCompile Include="Engine\World3D\Object\Model\Mesh\Mesh.cpp">
      <Filter>Engine\World3D\Object\Model\Mesh</Filter>
    </ClCompile>
    <ClCompile Include="Engine\World3D\Object\Model\Model.cpp">
      <Filter>Engine\World3D\Object\Model</Filter>
    </ClCompile>
    <ClCompile Include="Engine\World3D\Object\Model\ModelLoader.cpp">
      <Filter>Engine\World3D\Object\Model</Filter>
    </ClCompile>
    <ClCompile Include="Engine\World3D\Object\Model\ModelManager.cpp">
      <Filter>Engine\World3D\Object\Model</Filter>
    </ClCompile>
    <ClCompile Include="Engine\World3D\Object\Model\SkinnedModel.cpp">
      <Filter>Engine\World3D\Object\Model</Filter>
    </ClCompile>
    <ClCompile Include="Engine\World3D\Object\Object3d.cpp">
      <Filter>Engine\World3D\Object</Filter>
    </ClCompile>
    <ClCompile Include="Engine\World3D\Object\Object3dManager.cpp">
      <Filter>Engine\World3D\Object</Filter>
    </ClCompile>
    <ClCompile Include="Engine\World3D\Object\Renderer\InstancingRenderer.cpp">
      <Filter>Engine\World3D\Object\Renderer</Filter>
    </ClCompile>
    <ClCompile Include="Engine\World3D\Object\Renderer\MeshGenerator.cpp">
      <Filter>Engine\World3D\Object\Renderer</Filter>
    </ClCompile>
    <ClCompile Include="Engine\World3D\Object\Renderer\ModelRenderer.cpp">
      <Filter>Engine\World3D\Object\Renderer</Filter>
    </ClCompile>
    <ClCompile Include="Engine\World3D\Object\Renderer\PrimitiveFactory.cpp">
      <Filter>Engine\World3D\Object\Renderer</Filter>
    </ClCompile>
    <ClCompile Include="Engine\World3D\Object\Renderer\PrimitiveRenderer.cpp">
      <Filter>Engine\World3D\Object\Renderer</Filter>
    </ClCompile>
    <ClCompile Include="Engine\World3D\Object\Renderer\RendererManager.cpp">
      <Filter>Engine\World3D\Object\Renderer</Filter>
    </ClCompile>
    <ClCompile Include="Engine\World3D\Primitive\PrimitiveLineDrawer.cpp">
      <Filter>Engine\World3D\Primitive</Filter>
    </ClCompile>
    <ClCompile Include="Engine\World3D\WorldTransform.cpp">
      <Filter>Engine\World3D</Filter>
    </ClCompile>
    <ClCompile Include="Externals\imgui-node-editor\crude_json.cpp">
      <Filter>Externals\imgui-node-editor</Filter>
    </ClCompile>
    <ClCompile Include="Externals\imgui-node-editor\imgui_canvas.cpp">
      <Filter>Externals\imgui-node-editor</Filter>
    </ClCompile>
    <ClCompile Include="Externals\imgui-node-editor\imgui_node_editor.cpp">
      <Filter>Externals\imgui-node-editor</Filter>
    </ClCompile>
    <ClCompile Include="Externals\imgui-node-editor\imgui_node_editor_api.cpp">
      <Filter>Externals\imgui-node-editor</Filter>
    </ClCompile>
    <ClCompile Include="Externals\imgui\imgui.cpp">
      <Filter>Externals\imgui</Filter>
    </ClCompile>
    <ClCompile Include="Externals\imgui\imgui_demo.cpp">
      <Filter>Externals\imgui</Filter>
    </ClCompile>
    <ClCompile Include="Externals\imgui\imgui_draw.cpp">
      <Filter>Externals\imgui</Filter>
    </ClCompile>
    <ClCompile Include="Externals\imgui\imgui_impl_dx12.cpp">
      <Filter>Externals\imgui</Filter>
    </ClCompile>
    <ClCompile Include="Externals\imgui\imgui_impl_win32.cpp">
      <Filter>Externals\imgui</Filter>
    </ClCompile>
    <ClCompile Include="Externals\imgui\imgui_tables.cpp">
      <Filter>Externals\imgui</Filter>
    </ClCompile>
    <ClCompile Include="Externals\imgui\imgui_widgets.cpp">
      <Filter>Externals\imgui</Filter>
    </ClCompile>
    <ClCompile Include="main.cpp" />
  </ItemGroup>
</Project>